// !$*UTF8*$!
{
	archiveVersion = 1;
	classes = {
	};
	objectVersion = 56;
	objects = {

/* Begin PBXBuildFile section */
		3C5B8F0A2B9FEDD800F1E2D7 /* RealityKitContent in Frameworks */ = {isa = PBXBuildFile; productRef = 3C5B8F092B9FEDD800F1E2D7 /* RealityKitContent */; };
		3C5B8F0C2B9FEDD800F1E2D7 /* HandJointsDemo_visionOSApp.swift in Sources */ = {isa = PBXBuildFile; fileRef = 3C5B8F0B2B9FEDD800F1E2D7 /* HandJointsDemo_visionOSApp.swift */; };
		3C5B8F0E2B9FEDD800F1E2D7 /* ContentView.swift in Sources */ = {isa = PBXBuildFile; fileRef = 3C5B8F0D2B9FEDD800F1E2D7 /* ContentView.swift */; };
		3C5B8F102B9FEDD800F1E2D7 /* ImmersiveView.swift in Sources */ = {isa = PBXBuildFile; fileRef = 3C5B8F0F2B9FEDD800F1E2D7 /* ImmersiveView.swift */; };
		3C5B8F122B9FEDDA00F1E2D7 /* Assets.xcassets in Resources */ = {isa = PBXBuildFile; fileRef = 3C5B8F112B9FEDDA00F1E2D7 /* Assets.xcassets */; };
		3C5B8F152B9FEDDA00F1E2D7 /* Preview Assets.xcassets in Resources */ = {isa = PBXBuildFile; fileRef = 3C5B8F142B9FEDDA00F1E2D7 /* Preview Assets.xcassets */; };
		3C5B8F1E2B9FEDF500F1E2D7 /* HandSessionModel.swift in Sources */ = {isa = PBXBuildFile; fileRef = 3C5B8F1D2B9FEDF500F1E2D7 /* HandSessionModel.swift */; };
		3C5B8F202B9FEE2200F1E2D7 /* HandGestureModel.swift in Sources */ = {isa = PBXBuildFile; fileRef = 3C5B8F1F2B9FEE2200F1E2D7 /* HandGestureModel.swift */; };
		3C5B8F232B9FEF4B00F1E2D7 /* Extensions.swift in Sources */ = {isa = PBXBuildFile; fileRef = 3C5B8F222B9FEF4B00F1E2D7 /* Extensions.swift */; };
/* End PBXBuildFile section */

/* Begin PBXFileReference section */
		3C5B8F042B9FEDD800F1E2D7 /* HandJointsDemo_visionOS.app */ = {isa = PBXFileReference; explicitFileType = wrapper.application; includeInIndex = 0; path = HandJointsDemo_visionOS.app; sourceTree = BUILT_PRODUCTS_DIR; };
		3C5B8F082B9FEDD800F1E2D7 /* RealityKitContent */ = {isa = PBXFileReference; lastKnownFileType = wrapper; path = RealityKitContent; sourceTree = "<group>"; };
		3C5B8F0B2B9FEDD800F1E2D7 /* HandJointsDemo_visionOSApp.swift */ = {isa = PBXFileReference; lastKnownFileType = sourcecode.swift; path = HandJointsDemo_visionOSApp.swift; sourceTree = "<group>"; };
		3C5B8F0D2B9FEDD800F1E2D7 /* ContentView.swift */ = {isa = PBXFileReference; lastKnownFileType = sourcecode.swift; path = ContentView.swift; sourceTree = "<group>"; };
		3C5B8F0F2B9FEDD800F1E2D7 /* ImmersiveView.swift */ = {isa = PBXFileReference; lastKnownFileType = sourcecode.swift; path = ImmersiveView.swift; sourceTree = "<group>"; };
		3C5B8F112B9FEDDA00F1E2D7 /* Assets.xcassets */ = {isa = PBXFileReference; lastKnownFileType = folder.assetcatalog; path = Assets.xcassets; sourceTree = "<group>"; };
		3C5B8F142B9FEDDA00F1E2D7 /* Preview Assets.xcassets */ = {isa = PBXFileReference; lastKnownFileType = folder.assetcatalog; path = "Preview Assets.xcassets"; sourceTree = "<group>"; };
		3C5B8F162B9FEDDA00F1E2D7 /* Info.plist */ = {isa = PBXFileReference; lastKnownFileType = text.plist.xml; path = Info.plist; sourceTree = "<group>"; };
		3C5B8F1D2B9FEDF500F1E2D7 /* HandSessionModel.swift */ = {isa = PBXFileReference; fileEncoding = 4; lastKnownFileType = sourcecode.swift; path = HandSessionModel.swift; sourceTree = "<group>"; };
		3C5B8F1F2B9FEE2200F1E2D7 /* HandGestureModel.swift */ = {isa = PBXFileReference; fileEncoding = 4; lastKnownFileType = sourcecode.swift; path = HandGestureModel.swift; sourceTree = "<group>"; };
		3C5B8F222B9FEF4B00F1E2D7 /* Extensions.swift */ = {isa = PBXFileReference; fileEncoding = 4; lastKnownFileType = sourcecode.swift; path = Extensions.swift; sourceTree = "<group>"; };
/* End PBXFileReference section */

/* Begin PBXFrameworksBuildPhase section */
		3C5B8F012B9FEDD800F1E2D7 /* Frameworks */ = {
			isa = PBXFrameworksBuildPhase;
			buildActionMask = 2147483647;
			files = (
				3C5B8F0A2B9FEDD800F1E2D7 /* RealityKitContent in Frameworks */,
			);
			runOnlyForDeploymentPostprocessing = 0;
		};
/* End PBXFrameworksBuildPhase section */

/* Begin PBXGroup section */
		3C5B8EFB2B9FEDD800F1E2D7 = {
			isa = PBXGroup;
			children = (
				3C5B8F062B9FEDD800F1E2D7 /* HandJointsDemo_visionOS */,
				3C5B8F072B9FEDD800F1E2D7 /* Packages */,
				3C5B8F052B9FEDD800F1E2D7 /* Products */,
			);
			sourceTree = "<group>";
		};
		3C5B8F052B9FEDD800F1E2D7 /* Products */ = {
			isa = PBXGroup;
			children = (
				3C5B8F042B9FEDD800F1E2D7 /* HandJointsDemo_visionOS.app */,
			);
			name = Products;
			sourceTree = "<group>";
		};
		3C5B8F062B9FEDD800F1E2D7 /* HandJointsDemo_visionOS */ = {
			isa = PBXGroup;
			children = (
				3C5B8F212B9FEF4B00F1E2D7 /* Extensions */,
				3C5B8F1C2B9FEDF500F1E2D7 /* Model */,
				3C5B8F0B2B9FEDD800F1E2D7 /* HandJointsDemo_visionOSApp.swift */,
				3C5B8F0D2B9FEDD800F1E2D7 /* ContentView.swift */,
				3C5B8F0F2B9FEDD800F1E2D7 /* ImmersiveView.swift */,
				3C5B8F112B9FEDDA00F1E2D7 /* Assets.xcassets */,
				3C5B8F162B9FEDDA00F1E2D7 /* Info.plist */,
				3C5B8F132B9FEDDA00F1E2D7 /* Preview Content */,
			);
			path = HandJointsDemo_visionOS;
			sourceTree = "<group>";
		};
		3C5B8F072B9FEDD800F1E2D7 /* Packages */ = {
			isa = PBXGroup;
			children = (
				3C5B8F082B9FEDD800F1E2D7 /* RealityKitContent */,
			);
			path = Packages;
			sourceTree = "<group>";
		};
		3C5B8F132B9FEDDA00F1E2D7 /* Preview Content */ = {
			isa = PBXGroup;
			children = (
				3C5B8F142B9FEDDA00F1E2D7 /* Preview Assets.xcassets */,
			);
			path = "Preview Content";
			sourceTree = "<group>";
		};
		3C5B8F1C2B9FEDF500F1E2D7 /* Model */ = {
			isa = PBXGroup;
			children = (
				3C5B8F1F2B9FEE2200F1E2D7 /* HandGestureModel.swift */,
				3C5B8F1D2B9FEDF500F1E2D7 /* HandSessionModel.swift */,
			);
			path = Model;
			sourceTree = "<group>";
		};
		3C5B8F212B9FEF4B00F1E2D7 /* Extensions */ = {
			isa = PBXGroup;
			children = (
				3C5B8F222B9FEF4B00F1E2D7 /* Extensions.swift */,
			);
			path = Extensions;
			sourceTree = "<group>";
		};
/* End PBXGroup section */

/* Begin PBXNativeTarget section */
		3C5B8F032B9FEDD800F1E2D7 /* HandJointsDemo_visionOS */ = {
			isa = PBXNativeTarget;
			buildConfigurationList = 3C5B8F192B9FEDDA00F1E2D7 /* Build configuration list for PBXNativeTarget "HandJointsDemo_visionOS" */;
			buildPhases = (
				3C5B8F002B9FEDD800F1E2D7 /* Sources */,
				3C5B8F012B9FEDD800F1E2D7 /* Frameworks */,
				3C5B8F022B9FEDD800F1E2D7 /* Resources */,
			);
			buildRules = (
			);
			dependencies = (
			);
			name = HandJointsDemo_visionOS;
			packageProductDependencies = (
				3C5B8F092B9FEDD800F1E2D7 /* RealityKitContent */,
			);
			productName = HandJointsDemo_visionOS;
			productReference = 3C5B8F042B9FEDD800F1E2D7 /* HandJointsDemo_visionOS.app */;
			productType = "com.apple.product-type.application";
		};
/* End PBXNativeTarget section */

/* Begin PBXProject section */
		3C5B8EFC2B9FEDD800F1E2D7 /* Project object */ = {
			isa = PBXProject;
			attributes = {
				BuildIndependentTargetsInParallel = 1;
				LastSwiftUpdateCheck = 1520;
				LastUpgradeCheck = 1520;
				TargetAttributes = {
					3C5B8F032B9FEDD800F1E2D7 = {
						CreatedOnToolsVersion = 15.2;
					};
				};
			};
			buildConfigurationList = 3C5B8EFF2B9FEDD800F1E2D7 /* Build configuration list for PBXProject "HandJointsDemo_visionOS" */;
			compatibilityVersion = "Xcode 14.0";
			developmentRegion = en;
			hasScannedForEncodings = 0;
			knownRegions = (
				en,
				Base,
			);
			mainGroup = 3C5B8EFB2B9FEDD800F1E2D7;
			productRefGroup = 3C5B8F052B9FEDD800F1E2D7 /* Products */;
			projectDirPath = "";
			projectRoot = "";
			targets = (
				3C5B8F032B9FEDD800F1E2D7 /* HandJointsDemo_visionOS */,
			);
		};
/* End PBXProject section */

/* Begin PBXResourcesBuildPhase section */
		3C5B8F022B9FEDD800F1E2D7 /* Resources */ = {
			isa = PBXResourcesBuildPhase;
			buildActionMask = 2147483647;
			files = (
				3C5B8F152B9FEDDA00F1E2D7 /* Preview Assets.xcassets in Resources */,
				3C5B8F122B9FEDDA00F1E2D7 /* Assets.xcassets in Resources */,
			);
			runOnlyForDeploymentPostprocessing = 0;
		};
/* End PBXResourcesBuildPhase section */

/* Begin PBXSourcesBuildPhase section */
		3C5B8F002B9FEDD800F1E2D7 /* Sources */ = {
			isa = PBXSourcesBuildPhase;
			buildActionMask = 2147483647;
			files = (
				3C5B8F202B9FEE2200F1E2D7 /* HandGestureModel.swift in Sources */,
				3C5B8F232B9FEF4B00F1E2D7 /* Extensions.swift in Sources */,
				3C5B8F0E2B9FEDD800F1E2D7 /* ContentView.swift in Sources */,
				3C5B8F0C2B9FEDD800F1E2D7 /* HandJointsDemo_visionOSApp.swift in Sources */,
				3C5B8F1E2B9FEDF500F1E2D7 /* HandSessionModel.swift in Sources */,
				3C5B8F102B9FEDD800F1E2D7 /* ImmersiveView.swift in Sources */,
			);
			runOnlyForDeploymentPostprocessing = 0;
		};
/* End PBXSourcesBuildPhase section */

/* Begin XCBuildConfiguration section */
		3C5B8F172B9FEDDA00F1E2D7 /* Debug */ = {
			isa = XCBuildConfiguration;
			buildSettings = {
				ALWAYS_SEARCH_USER_PATHS = NO;
				ASSETCATALOG_COMPILER_GENERATE_SWIFT_ASSET_SYMBOL_EXTENSIONS = YES;
				CLANG_ANALYZER_NONNULL = YES;
				CLANG_ANALYZER_NUMBER_OBJECT_CONVERSION = YES_AGGRESSIVE;
				CLANG_CXX_LANGUAGE_STANDARD = "gnu++20";
				CLANG_ENABLE_MODULES = YES;
				CLANG_ENABLE_OBJC_ARC = YES;
				CLANG_ENABLE_OBJC_WEAK = YES;
				CLANG_WARN_BLOCK_CAPTURE_AUTORELEASING = YES;
				CLANG_WARN_BOOL_CONVERSION = YES;
				CLANG_WARN_COMMA = YES;
				CLANG_WARN_CONSTANT_CONVERSION = YES;
				CLANG_WARN_DEPRECATED_OBJC_IMPLEMENTATIONS = YES;
				CLANG_WARN_DIRECT_OBJC_ISA_USAGE = YES_ERROR;
				CLANG_WARN_DOCUMENTATION_COMMENTS = YES;
				CLANG_WARN_EMPTY_BODY = YES;
				CLANG_WARN_ENUM_CONVERSION = YES;
				CLANG_WARN_INFINITE_RECURSION = YES;
				CLANG_WARN_INT_CONVERSION = YES;
				CLANG_WARN_NON_LITERAL_NULL_CONVERSION = YES;
				CLANG_WARN_OBJC_IMPLICIT_RETAIN_SELF = YES;
				CLANG_WARN_OBJC_LITERAL_CONVERSION = YES;
				CLANG_WARN_OBJC_ROOT_CLASS = YES_ERROR;
				CLANG_WARN_QUOTED_INCLUDE_IN_FRAMEWORK_HEADER = YES;
				CLANG_WARN_RANGE_LOOP_ANALYSIS = YES;
				CLANG_WARN_STRICT_PROTOTYPES = YES;
				CLANG_WARN_SUSPICIOUS_MOVE = YES;
				CLANG_WARN_UNGUARDED_AVAILABILITY = YES_AGGRESSIVE;
				CLANG_WARN_UNREACHABLE_CODE = YES;
				CLANG_WARN__DUPLICATE_METHOD_MATCH = YES;
				COPY_PHASE_STRIP = NO;
				DEBUG_INFORMATION_FORMAT = dwarf;
				ENABLE_STRICT_OBJC_MSGSEND = YES;
				ENABLE_TESTABILITY = YES;
				ENABLE_USER_SCRIPT_SANDBOXING = YES;
				GCC_C_LANGUAGE_STANDARD = gnu17;
				GCC_DYNAMIC_NO_PIC = NO;
				GCC_NO_COMMON_BLOCKS = YES;
				GCC_OPTIMIZATION_LEVEL = 0;
				GCC_PREPROCESSOR_DEFINITIONS = (
					"DEBUG=1",
					"$(inherited)",
				);
				GCC_WARN_64_TO_32_BIT_CONVERSION = YES;
				GCC_WARN_ABOUT_RETURN_TYPE = YES_ERROR;
				GCC_WARN_UNDECLARED_SELECTOR = YES;
				GCC_WARN_UNINITIALIZED_AUTOS = YES_AGGRESSIVE;
				GCC_WARN_UNUSED_FUNCTION = YES;
				GCC_WARN_UNUSED_VARIABLE = YES;
				LOCALIZATION_PREFERS_STRING_CATALOGS = YES;
				MTL_ENABLE_DEBUG_INFO = INCLUDE_SOURCE;
				MTL_FAST_MATH = YES;
				ONLY_ACTIVE_ARCH = YES;
				SDKROOT = xros;
				SWIFT_ACTIVE_COMPILATION_CONDITIONS = "DEBUG $(inherited)";
				SWIFT_OPTIMIZATION_LEVEL = "-Onone";
				XROS_DEPLOYMENT_TARGET = 1.0;
			};
			name = Debug;
		};
		3C5B8F182B9FEDDA00F1E2D7 /* Release */ = {
			isa = XCBuildConfiguration;
			buildSettings = {
				ALWAYS_SEARCH_USER_PATHS = NO;
				ASSETCATALOG_COMPILER_GENERATE_SWIFT_ASSET_SYMBOL_EXTENSIONS = YES;
				CLANG_ANALYZER_NONNULL = YES;
				CLANG_ANALYZER_NUMBER_OBJECT_CONVERSION = YES_AGGRESSIVE;
				CLANG_CXX_LANGUAGE_STANDARD = "gnu++20";
				CLANG_ENABLE_MODULES = YES;
				CLANG_ENABLE_OBJC_ARC = YES;
				CLANG_ENABLE_OBJC_WEAK = YES;
				CLANG_WARN_BLOCK_CAPTURE_AUTORELEASING = YES;
				CLANG_WARN_BOOL_CONVERSION = YES;
				CLANG_WARN_COMMA = YES;
				CLANG_WARN_CONSTANT_CONVERSION = YES;
				CLANG_WARN_DEPRECATED_OBJC_IMPLEMENTATIONS = YES;
				CLANG_WARN_DIRECT_OBJC_ISA_USAGE = YES_ERROR;
				CLANG_WARN_DOCUMENTATION_COMMENTS = YES;
				CLANG_WARN_EMPTY_BODY = YES;
				CLANG_WARN_ENUM_CONVERSION = YES;
				CLANG_WARN_INFINITE_RECURSION = YES;
				CLANG_WARN_INT_CONVERSION = YES;
				CLANG_WARN_NON_LITERAL_NULL_CONVERSION = YES;
				CLANG_WARN_OBJC_IMPLICIT_RETAIN_SELF = YES;
				CLANG_WARN_OBJC_LITERAL_CONVERSION = YES;
				CLANG_WARN_OBJC_ROOT_CLASS = YES_ERROR;
				CLANG_WARN_QUOTED_INCLUDE_IN_FRAMEWORK_HEADER = YES;
				CLANG_WARN_RANGE_LOOP_ANALYSIS = YES;
				CLANG_WARN_STRICT_PROTOTYPES = YES;
				CLANG_WARN_SUSPICIOUS_MOVE = YES;
				CLANG_WARN_UNGUARDED_AVAILABILITY = YES_AGGRESSIVE;
				CLANG_WARN_UNREACHABLE_CODE = YES;
				CLANG_WARN__DUPLICATE_METHOD_MATCH = YES;
				COPY_PHASE_STRIP = NO;
				DEBUG_INFORMATION_FORMAT = "dwarf-with-dsym";
				ENABLE_NS_ASSERTIONS = NO;
				ENABLE_STRICT_OBJC_MSGSEND = YES;
				ENABLE_USER_SCRIPT_SANDBOXING = YES;
				GCC_C_LANGUAGE_STANDARD = gnu17;
				GCC_NO_COMMON_BLOCKS = YES;
				GCC_WARN_64_TO_32_BIT_CONVERSION = YES;
				GCC_WARN_ABOUT_RETURN_TYPE = YES_ERROR;
				GCC_WARN_UNDECLARED_SELECTOR = YES;
				GCC_WARN_UNINITIALIZED_AUTOS = YES_AGGRESSIVE;
				GCC_WARN_UNUSED_FUNCTION = YES;
				GCC_WARN_UNUSED_VARIABLE = YES;
				LOCALIZATION_PREFERS_STRING_CATALOGS = YES;
				MTL_ENABLE_DEBUG_INFO = NO;
				MTL_FAST_MATH = YES;
				SDKROOT = xros;
				SWIFT_COMPILATION_MODE = wholemodule;
				VALIDATE_PRODUCT = YES;
				XROS_DEPLOYMENT_TARGET = 1.0;
			};
			name = Release;
		};
		3C5B8F1A2B9FEDDA00F1E2D7 /* Debug */ = {
			isa = XCBuildConfiguration;
			buildSettings = {
				ASSETCATALOG_COMPILER_APPICON_NAME = AppIcon;
				ASSETCATALOG_COMPILER_GLOBAL_ACCENT_COLOR_NAME = AccentColor;
				CODE_SIGN_STYLE = Automatic;
				CURRENT_PROJECT_VERSION = 1;
				DEVELOPMENT_ASSET_PATHS = "\"HandJointsDemo_visionOS/Preview Content\"";
				DEVELOPMENT_TEAM = PTU6M56T7V;
				ENABLE_PREVIEWS = YES;
				GENERATE_INFOPLIST_FILE = YES;
				INFOPLIST_FILE = "$(TARGET_NAME)/Info.plist";
				LD_RUNPATH_SEARCH_PATHS = (
					"$(inherited)",
					"@executable_path/Frameworks",
				);
				MARKETING_VERSION = 1.0;
				PRODUCT_BUNDLE_IDENTIFIER = "com.dikeyking.HandJointsDemo-visionOS";
				PRODUCT_NAME = "$(TARGET_NAME)";
				SUPPORTED_PLATFORMS = "xros xrsimulator";
				SWIFT_EMIT_LOC_STRINGS = YES;
				SWIFT_VERSION = 5.0;
				TARGETED_DEVICE_FAMILY = "1,2,7";
			};
			name = Debug;
		};
		3C5B8F1B2B9FEDDA00F1E2D7 /* Release */ = {
			isa = XCBuildConfiguration;
			buildSettings = {
				ASSETCATALOG_COMPILER_APPICON_NAME = AppIcon;
				ASSETCATALOG_COMPILER_GLOBAL_ACCENT_COLOR_NAME = AccentColor;
				CODE_SIGN_STYLE = Automatic;
				CURRENT_PROJECT_VERSION = 1;
				DEVELOPMENT_ASSET_PATHS = "\"HandJointsDemo_visionOS/Preview Content\"";
				DEVELOPMENT_TEAM = PTU6M56T7V;
				ENABLE_PREVIEWS = YES;
				GENERATE_INFOPLIST_FILE = YES;
				INFOPLIST_FILE = "$(TARGET_NAME)/Info.plist";
				LD_RUNPATH_SEARCH_PATHS = (
					"$(inherited)",
					"@executable_path/Frameworks",
				);
				MARKETING_VERSION = 1.0;
				PRODUCT_BUNDLE_IDENTIFIER = "com.dikeyking.HandJointsDemo-visionOS";
				PRODUCT_NAME = "$(TARGET_NAME)";
				SUPPORTED_PLATFORMS = "xros xrsimulator";
				SWIFT_EMIT_LOC_STRINGS = YES;
				SWIFT_VERSION = 5.0;
				TARGETED_DEVICE_FAMILY = "1,2,7";
			};
			name = Release;
		};
/* End XCBuildConfiguration section */

/* Begin XCConfigurationList section */
		3C5B8EFF2B9FEDD800F1E2D7 /* Build configuration list for PBXProject "HandJointsDemo_visionOS" */ = {
			isa = XCConfigurationList;
			buildConfigurations = (
				3C5B8F172B9FEDDA00F1E2D7 /* Debug */,
				3C5B8F182B9FEDDA00F1E2D7 /* Release */,
			);
			defaultConfigurationIsVisible = 0;
			defaultConfigurationName = Release;
		};
		3C5B8F192B9FEDDA00F1E2D7 /* Build configuration list for PBXNativeTarget "HandJointsDemo_visionOS" */ = {
			isa = XCConfigurationList;
			buildConfigurations = (
				3C5B8F1A2B9FEDDA00F1E2D7 /* Debug */,
				3C5B8F1B2B9FEDDA00F1E2D7 /* Release */,
			);
			defaultConfigurationIsVisible = 0;
			defaultConfigurationName = Release;
		};
/* End XCConfigurationList section */

/* Begin XCSwiftPackageProductDependency section */
		3C5B8F092B9FEDD800F1E2D7 /* RealityKitContent */ = {
			isa = XCSwiftPackageProductDependency;
			productName = RealityKitContent;
		};
/* End XCSwiftPackageProductDependency section */
	};
	rootObject = 3C5B8EFC2B9FEDD800F1E2D7 /* Project object */;
}
